
Microsoft Visual Studio Solution File, Format Version 12.00
# Visual Studio Version 16
VisualStudioVersion = 16.0.30804.86
MinimumVisualStudioVersion = 10.0.40219.1
Project("{FAE04EC0-301F-11D3-BF4B-00C04F79EFBC}") = "FetchingValuesFromXml", "FetchingValuesFromXml\FetchingValuesFromXml.csproj", "{5671B4EC-EE90-43F4-8451-2B909FE6FE58}"
EndProject
Global
	GlobalSection(SolutionConfigurationPlatforms) = preSolution
		Debug|Any CPU = Debug|Any CPU
		Release|Any CPU = Release|Any CPU
	EndGlobalSection
	GlobalSection(ProjectConfigurationPlatforms) = postSolution
		{5671B4EC-EE90-43F4-8451-2B909FE6FE58}.Debug|Any CPU.ActiveCfg = Debug|Any CPU
		{5671B4EC-EE90-43F4-8451-2B909FE6FE58}.Debug|Any CPU.Build.0 = Debug|Any CPU
		{5671B4EC-EE90-43F4-8451-2B909FE6FE58}.Release|Any CPU.ActiveCfg = Release|Any CPU
		{5671B4EC-EE90-43F4-8451-2B909FE6FE58}.Release|Any CPU.Build.0 = Release|Any CPU
	EndGlobalSection
	GlobalSection(SolutionProperties) = preSolution
		HideSolutionNode = FALSE
	EndGlobalSection
	GlobalSection(ExtensibilityGlobals) = postSolution
		SolutionGuid = {038C0815-C751-465B-B242-664F7C35C73A}
	EndGlobalSection
EndGlobal
